{
  "nodes": {
    "darwin": {
      "locked": {
        "lastModified": 1694285939,
        "narHash": "sha256-qbyrbj+3iR6NHp4UQuk3bVpESG4Ffj+zWAg0gUa0314=",
        "owner": "NixOS",
        "repo": "nixpkgs",
        "rev": "2f9806c9aa9dd9fee681965aabdab0d28923e63a",
        "type": "github"
      },
      "original": {
        "id": "nixpkgs",
        "ref": "nixpkgs-23.05-darwin",
        "type": "indirect"
      }
    },
    "root": {
      "inputs": {
        "darwin": "darwin",
        "stable": "stable",
        "unstable": "unstable"
      }
    },
    "stable": {
      "locked": {
        "lastModified": 1694211700,
        "narHash": "sha256-ZYok+zqYorC6M/qtrnPVB9IHFWi2TzjlHLW/orMu0No=",
        "owner": "NixOS",
        "repo": "nixpkgs",
        "rev": "73e1976309fc789706b9f306407e9e7622a57d25",
        "type": "github"
      },
      "original": {
        "id": "nixpkgs",
        "ref": "nixos-23.05",
        "type": "indirect"
      }
    },
    "unstable": {
      "locked": {
        "lastModified": 1694183432,
        "narHash": "sha256-YyPGNapgZNNj51ylQMw9lAgvxtM2ai1HZVUu3GS8Fng=",
        "owner": "NixOS",
        "repo": "nixpkgs",
        "rev": "db9208ab987cdeeedf78ad9b4cf3c55f5ebd269b",
        "type": "github"
      },
      "original": {
        "id": "nixpkgs",
        "ref": "nixos-unstable",
        "type": "indirect"
      }
    }
  },
  "root": "root",
  "version": 7
}
