{
  "nodes": {
    "darwin": {
      "locked": {
        "lastModified": 1702161203,
        "narHash": "sha256-nq40oP9Pk/bC9/3ShxUah2FWsyHcObtS2NU5rV8shXY=",
        "owner": "NixOS",
        "repo": "nixpkgs",
        "rev": "901fc6ea49ca9e9bbf636c48e2611588802e7b16",
        "type": "github"
      },
      "original": {
        "id": "nixpkgs",
        "ref": "nixpkgs-23.11-darwin",
        "type": "indirect"
      }
    },
    "root": {
      "inputs": {
        "darwin": "darwin",
        "stable": "stable",
        "unstable": "unstable"
      }
    },
    "stable": {
      "locked": {
        "lastModified": 1701952659,
        "narHash": "sha256-TJv2srXt6fYPUjxgLAL0cy4nuf1OZD4KuA1TrCiQqg0=",
        "owner": "NixOS",
        "repo": "nixpkgs",
        "rev": "b4372c4924d9182034066c823df76d6eaf1f4ec4",
        "type": "github"
      },
      "original": {
        "id": "nixpkgs",
        "ref": "nixos-23.11",
        "type": "indirect"
      }
    },
    "unstable": {
      "locked": {
        "lastModified": 1701718080,
        "narHash": "sha256-6ovz0pG76dE0P170pmmZex1wWcQoeiomUZGggfH9XPs=",
        "owner": "NixOS",
        "repo": "nixpkgs",
        "rev": "2c7f3c0fb7c08a0814627611d9d7d45ab6d75335",
        "type": "github"
      },
      "original": {
        "id": "nixpkgs",
        "ref": "nixos-unstable",
        "type": "indirect"
      }
    }
  },
  "root": "root",
  "version": 7
}
